
Microsoft Visual Studio Solution File, Format Version 12.00
# Visual Studio Version 17
VisualStudioVersion = 17.6.33829.357
MinimumVisualStudioVersion = 10.0.40219.1
Project("{FAE04EC0-301F-11D3-BF4B-00C04F79EFBC}") = "Local vehicle  rental agency", "Local vehicle  rental agency\Local vehicle  rental agency.csproj", "{13B34FB9-7C9B-4A3B-A464-7F251A20C482}"
EndProject
Global
	GlobalSection(SolutionConfigurationPlatforms) = preSolution
		Debug|Any CPU = Debug|Any CPU
		Release|Any CPU = Release|Any CPU
	EndGlobalSection
	GlobalSection(ProjectConfigurationPlatforms) = postSolution
		{13B34FB9-7C9B-4A3B-A464-7F251A20C482}.Debug|Any CPU.ActiveCfg = Debug|Any CPU
		{13B34FB9-7C9B-4A3B-A464-7F251A20C482}.Debug|Any CPU.Build.0 = Debug|Any CPU
		{13B34FB9-7C9B-4A3B-A464-7F251A20C482}.Release|Any CPU.ActiveCfg = Release|Any CPU
		{13B34FB9-7C9B-4A3B-A464-7F251A20C482}.Release|Any CPU.Build.0 = Release|Any CPU
	EndGlobalSection
	GlobalSection(SolutionProperties) = preSolution
		HideSolutionNode = FALSE
	EndGlobalSection
	GlobalSection(ExtensibilityGlobals) = postSolution
		SolutionGuid = {97FA0E9B-FE64-468D-B34E-D88B368825EA}
	EndGlobalSection
EndGlobal
